
Microsoft Visual Studio Solution File, Format Version 12.00
# Visual Studio Version 16
VisualStudioVersion = 16.0.30804.86
MinimumVisualStudioVersion = 10.0.40219.1
Project("{FAE04EC0-301F-11D3-BF4B-00C04F79EFBC}") = "PremiumCalc", "PremiumCalc.csproj", "{8A50D6BA-827D-4902-AC1B-CFF0637240DC}"
EndProject
Global
	GlobalSection(SolutionConfigurationPlatforms) = preSolution
		Debug|Any CPU = Debug|Any CPU
		Release|Any CPU = Release|Any CPU
	EndGlobalSection
	GlobalSection(ProjectConfigurationPlatforms) = postSolution
		{8A50D6BA-827D-4902-AC1B-CFF0637240DC}.Debug|Any CPU.ActiveCfg = Debug|Any CPU
		{8A50D6BA-827D-4902-AC1B-CFF0637240DC}.Debug|Any CPU.Build.0 = Debug|Any CPU
		{8A50D6BA-827D-4902-AC1B-CFF0637240DC}.Release|Any CPU.ActiveCfg = Release|Any CPU
		{8A50D6BA-827D-4902-AC1B-CFF0637240DC}.Release|Any CPU.Build.0 = Release|Any CPU
	EndGlobalSection
	GlobalSection(SolutionProperties) = preSolution
		HideSolutionNode = FALSE
	EndGlobalSection
	GlobalSection(ExtensibilityGlobals) = postSolution
		SolutionGuid = {09990C84-5C98-4A38-AD97-05A85521F339}
	EndGlobalSection
EndGlobal
